
Microsoft Visual Studio Solution File, Format Version 12.00
# Visual Studio 15
VisualStudioVersion = 15.0.27428.2002
MinimumVisualStudioVersion = 10.0.40219.1
Project("{FAE04EC0-301F-11D3-BF4B-00C04F79EFBC}") = "AlwaysDetect", "AlwaysDetect\AlwaysDetect.csproj", "{4DB4D580-CAEA-471B-B330-803EF7E8A8E0}"
	ProjectSection(ProjectDependencies) = postProject
		{0F49B136-FB16-481C-A294-05566AB04D3D} = {0F49B136-FB16-481C-A294-05566AB04D3D}
	EndProjectSection
EndProject
Project("{FAE04EC0-301F-11D3-BF4B-00C04F79EFBC}") = "BattletechModUtilities", "BattletechModUtilities\BattletechModUtilities.csproj", "{0F49B136-FB16-481C-A294-05566AB04D3D}"
EndProject
Project("{FAE04EC0-301F-11D3-BF4B-00C04F79EFBC}") = "EnhancedStarMap", "EnhancedStarmap\EnhancedStarMap.csproj", "{82BEFCBD-D9CB-4E5C-966C-18B66874F7DB}"
EndProject
Project("{FAE04EC0-301F-11D3-BF4B-00C04F79EFBC}") = "ContractTime", "ContractTime\ContractTime.csproj", "{38208E30-FC6F-4DA4-B643-B864870BB5CA}"
EndProject
Global
	GlobalSection(SolutionConfigurationPlatforms) = preSolution
		Debug|Any CPU = Debug|Any CPU
		Release|Any CPU = Release|Any CPU
	EndGlobalSection
	GlobalSection(ProjectConfigurationPlatforms) = postSolution
		{4DB4D580-CAEA-471B-B330-803EF7E8A8E0}.Debug|Any CPU.ActiveCfg = Debug|Any CPU
		{4DB4D580-CAEA-471B-B330-803EF7E8A8E0}.Debug|Any CPU.Build.0 = Debug|Any CPU
		{4DB4D580-CAEA-471B-B330-803EF7E8A8E0}.Release|Any CPU.ActiveCfg = Release|Any CPU
		{4DB4D580-CAEA-471B-B330-803EF7E8A8E0}.Release|Any CPU.Build.0 = Release|Any CPU
		{0F49B136-FB16-481C-A294-05566AB04D3D}.Debug|Any CPU.ActiveCfg = Debug|Any CPU
		{0F49B136-FB16-481C-A294-05566AB04D3D}.Debug|Any CPU.Build.0 = Debug|Any CPU
		{0F49B136-FB16-481C-A294-05566AB04D3D}.Release|Any CPU.ActiveCfg = Release|Any CPU
		{0F49B136-FB16-481C-A294-05566AB04D3D}.Release|Any CPU.Build.0 = Release|Any CPU
		{82BEFCBD-D9CB-4E5C-966C-18B66874F7DB}.Debug|Any CPU.ActiveCfg = Debug|Any CPU
		{82BEFCBD-D9CB-4E5C-966C-18B66874F7DB}.Debug|Any CPU.Build.0 = Debug|Any CPU
		{82BEFCBD-D9CB-4E5C-966C-18B66874F7DB}.Release|Any CPU.ActiveCfg = Release|Any CPU
		{82BEFCBD-D9CB-4E5C-966C-18B66874F7DB}.Release|Any CPU.Build.0 = Release|Any CPU
		{38208E30-FC6F-4DA4-B643-B864870BB5CA}.Debug|Any CPU.ActiveCfg = Debug|Any CPU
		{38208E30-FC6F-4DA4-B643-B864870BB5CA}.Debug|Any CPU.Build.0 = Debug|Any CPU
		{38208E30-FC6F-4DA4-B643-B864870BB5CA}.Release|Any CPU.ActiveCfg = Release|Any CPU
		{38208E30-FC6F-4DA4-B643-B864870BB5CA}.Release|Any CPU.Build.0 = Release|Any CPU
	EndGlobalSection
	GlobalSection(SolutionProperties) = preSolution
		HideSolutionNode = FALSE
	EndGlobalSection
	GlobalSection(ExtensibilityGlobals) = postSolution
		SolutionGuid = {B5848446-F22B-4C56-9297-30D161C8C671}
	EndGlobalSection
EndGlobal
